// !$*UTF8*$!
{
	archiveVersion = 1;
	classes = {
	};
	objectVersion = 46;
	objects = {

/* Begin PBXBuildFile section */
		2C0200AA18A2EFDD00148D51 /* AlbumRepository.m in Sources */ = {isa = PBXBuildFile; fileRef = 2C0200A918A2EFDD00148D51 /* AlbumRepository.m */; };
		2C8B4B491893746E00E07339 /* AlbumBaseViewController.m in Sources */ = {isa = PBXBuildFile; fileRef = 2C8B4B481893746E00E07339 /* AlbumBaseViewController.m */; };
		2C8B4B4C189374F700E07339 /* AlbumLandscapeViewController.m in Sources */ = {isa = PBXBuildFile; fileRef = 2C8B4B4B189374F700E07339 /* AlbumLandscapeViewController.m */; };
		2CA56C82189360A200F497BD /* TrackCell.m in Sources */ = {isa = PBXBuildFile; fileRef = 2CA56C81189360A200F497BD /* TrackCell.m */; };
		2CA56C851893618200F497BD /* TrackListViewController.m in Sources */ = {isa = PBXBuildFile; fileRef = 2CA56C841893618200F497BD /* TrackListViewController.m */; };
		2CE9519C188F8C75004F3A43 /* Foundation.framework in Frameworks */ = {isa = PBXBuildFile; fileRef = 2CE9519B188F8C75004F3A43 /* Foundation.framework */; };
		2CE9519E188F8C75004F3A43 /* CoreGraphics.framework in Frameworks */ = {isa = PBXBuildFile; fileRef = 2CE9519D188F8C75004F3A43 /* CoreGraphics.framework */; };
		2CE951A0188F8C76004F3A43 /* UIKit.framework in Frameworks */ = {isa = PBXBuildFile; fileRef = 2CE9519F188F8C75004F3A43 /* UIKit.framework */; };
		2CE951A6188F8C76004F3A43 /* InfoPlist.strings in Resources */ = {isa = PBXBuildFile; fileRef = 2CE951A4188F8C76004F3A43 /* InfoPlist.strings */; };
		2CE951A8188F8C76004F3A43 /* main.m in Sources */ = {isa = PBXBuildFile; fileRef = 2CE951A7188F8C76004F3A43 /* main.m */; };
		2CE951AC188F8C76004F3A43 /* AppDelegate.m in Sources */ = {isa = PBXBuildFile; fileRef = 2CE951AB188F8C76004F3A43 /* AppDelegate.m */; };
		2CE951AF188F8C76004F3A43 /* Main.storyboard in Resources */ = {isa = PBXBuildFile; fileRef = 2CE951AD188F8C76004F3A43 /* Main.storyboard */; };
		2CE951B2188F8C76004F3A43 /* AlbumPortraitViewController.m in Sources */ = {isa = PBXBuildFile; fileRef = 2CE951B1188F8C76004F3A43 /* AlbumPortraitViewController.m */; };
		2CE951B4188F8C76004F3A43 /* Images.xcassets in Resources */ = {isa = PBXBuildFile; fileRef = 2CE951B3188F8C76004F3A43 /* Images.xcassets */; };
		2CE951BB188F8C76004F3A43 /* XCTest.framework in Frameworks */ = {isa = PBXBuildFile; fileRef = 2CE951BA188F8C76004F3A43 /* XCTest.framework */; };
		2CE951BC188F8C76004F3A43 /* Foundation.framework in Frameworks */ = {isa = PBXBuildFile; fileRef = 2CE9519B188F8C75004F3A43 /* Foundation.framework */; };
		2CE951BD188F8C76004F3A43 /* UIKit.framework in Frameworks */ = {isa = PBXBuildFile; fileRef = 2CE9519F188F8C75004F3A43 /* UIKit.framework */; };
		2CE951C5188F8C76004F3A43 /* InfoPlist.strings in Resources */ = {isa = PBXBuildFile; fileRef = 2CE951C3188F8C76004F3A43 /* InfoPlist.strings */; };
		2CE951C7188F8C76004F3A43 /* candybarTests.m in Sources */ = {isa = PBXBuildFile; fileRef = 2CE951C6188F8C76004F3A43 /* candybarTests.m */; };
		2CE951D1188F8E11004F3A43 /* image.png in Resources */ = {isa = PBXBuildFile; fileRef = 2CE951D0188F8E11004F3A43 /* image.png */; };
		D1E9BFA28A9347918CFCDFBA /* libPods-candybarTests.a in Frameworks */ = {isa = PBXBuildFile; fileRef = 23A1BE3C5FC945EC91855C6B /* libPods-candybarTests.a */; };
		F413AF45B6D64ACC99CE1E4E /* libPods.a in Frameworks */ = {isa = PBXBuildFile; fileRef = 53D9C38EB71348A698DD6AF4 /* libPods.a */; };
/* End PBXBuildFile section */

/* Begin PBXContainerItemProxy section */
		2CE951BE188F8C76004F3A43 /* PBXContainerItemProxy */ = {
			isa = PBXContainerItemProxy;
			containerPortal = 2CE95190188F8C75004F3A43 /* Project object */;
			proxyType = 1;
			remoteGlobalIDString = 2CE95197188F8C75004F3A43;
			remoteInfo = candybar;
		};
/* End PBXContainerItemProxy section */

/* Begin PBXFileReference section */
		23A1BE3C5FC945EC91855C6B /* libPods-candybarTests.a */ = {isa = PBXFileReference; explicitFileType = archive.ar; includeInIndex = 0; path = "libPods-candybarTests.a"; sourceTree = BUILT_PRODUCTS_DIR; };
		2C0200A818A2EFDD00148D51 /* AlbumRepository.h */ = {isa = PBXFileReference; fileEncoding = 4; lastKnownFileType = sourcecode.c.h; path = AlbumRepository.h; sourceTree = "<group>"; };
		2C0200A918A2EFDD00148D51 /* AlbumRepository.m */ = {isa = PBXFileReference; fileEncoding = 4; lastKnownFileType = sourcecode.c.objc; path = AlbumRepository.m; sourceTree = "<group>"; };
		2C8B4B471893746E00E07339 /* AlbumBaseViewController.h */ = {isa = PBXFileReference; fileEncoding = 4; lastKnownFileType = sourcecode.c.h; path = AlbumBaseViewController.h; sourceTree = "<group>"; };
		2C8B4B481893746E00E07339 /* AlbumBaseViewController.m */ = {isa = PBXFileReference; fileEncoding = 4; lastKnownFileType = sourcecode.c.objc; path = AlbumBaseViewController.m; sourceTree = "<group>"; };
		2C8B4B4A189374F700E07339 /* AlbumLandscapeViewController.h */ = {isa = PBXFileReference; fileEncoding = 4; lastKnownFileType = sourcecode.c.h; path = AlbumLandscapeViewController.h; sourceTree = "<group>"; };
		2C8B4B4B189374F700E07339 /* AlbumLandscapeViewController.m */ = {isa = PBXFileReference; fileEncoding = 4; lastKnownFileType = sourcecode.c.objc; path = AlbumLandscapeViewController.m; sourceTree = "<group>"; };
		2CA56C80189360A200F497BD /* TrackCell.h */ = {isa = PBXFileReference; fileEncoding = 4; lastKnownFileType = sourcecode.c.h; path = TrackCell.h; sourceTree = "<group>"; };
		2CA56C81189360A200F497BD /* TrackCell.m */ = {isa = PBXFileReference; fileEncoding = 4; lastKnownFileType = sourcecode.c.objc; path = TrackCell.m; sourceTree = "<group>"; };
		2CA56C831893618200F497BD /* TrackListViewController.h */ = {isa = PBXFileReference; fileEncoding = 4; lastKnownFileType = sourcecode.c.h; path = TrackListViewController.h; sourceTree = "<group>"; };
		2CA56C841893618200F497BD /* TrackListViewController.m */ = {isa = PBXFileReference; fileEncoding = 4; lastKnownFileType = sourcecode.c.objc; path = TrackListViewController.m; sourceTree = "<group>"; };
		2CE95198188F8C75004F3A43 /* candybar.app */ = {isa = PBXFileReference; explicitFileType = wrapper.application; includeInIndex = 0; path = candybar.app; sourceTree = BUILT_PRODUCTS_DIR; };
		2CE9519B188F8C75004F3A43 /* Foundation.framework */ = {isa = PBXFileReference; lastKnownFileType = wrapper.framework; name = Foundation.framework; path = System/Library/Frameworks/Foundation.framework; sourceTree = SDKROOT; };
		2CE9519D188F8C75004F3A43 /* CoreGraphics.framework */ = {isa = PBXFileReference; lastKnownFileType = wrapper.framework; name = CoreGraphics.framework; path = System/Library/Frameworks/CoreGraphics.framework; sourceTree = SDKROOT; };
		2CE9519F188F8C75004F3A43 /* UIKit.framework */ = {isa = PBXFileReference; lastKnownFileType = wrapper.framework; name = UIKit.framework; path = System/Library/Frameworks/UIKit.framework; sourceTree = SDKROOT; };
		2CE951A3188F8C76004F3A43 /* candybar-Info.plist */ = {isa = PBXFileReference; lastKnownFileType = text.plist.xml; path = "candybar-Info.plist"; sourceTree = "<group>"; };
		2CE951A5188F8C76004F3A43 /* en */ = {isa = PBXFileReference; lastKnownFileType = text.plist.strings; name = en; path = en.lproj/InfoPlist.strings; sourceTree = "<group>"; };
		2CE951A7188F8C76004F3A43 /* main.m */ = {isa = PBXFileReference; lastKnownFileType = sourcecode.c.objc; path = main.m; sourceTree = "<group>"; };
		2CE951A9188F8C76004F3A43 /* candybar-Prefix.pch */ = {isa = PBXFileReference; lastKnownFileType = sourcecode.c.h; path = "candybar-Prefix.pch"; sourceTree = "<group>"; };
		2CE951AA188F8C76004F3A43 /* AppDelegate.h */ = {isa = PBXFileReference; lastKnownFileType = sourcecode.c.h; path = AppDelegate.h; sourceTree = "<group>"; };
		2CE951AB188F8C76004F3A43 /* AppDelegate.m */ = {isa = PBXFileReference; lastKnownFileType = sourcecode.c.objc; path = AppDelegate.m; sourceTree = "<group>"; };
		2CE951AE188F8C76004F3A43 /* Base */ = {isa = PBXFileReference; lastKnownFileType = file.storyboard; name = Base; path = Base.lproj/Main.storyboard; sourceTree = "<group>"; };
		2CE951B0188F8C76004F3A43 /* AlbumPortraitViewController.h */ = {isa = PBXFileReference; lastKnownFileType = sourcecode.c.h; path = AlbumPortraitViewController.h; sourceTree = "<group>"; };
		2CE951B1188F8C76004F3A43 /* AlbumPortraitViewController.m */ = {isa = PBXFileReference; lastKnownFileType = sourcecode.c.objc; path = AlbumPortraitViewController.m; sourceTree = "<group>"; };
		2CE951B3188F8C76004F3A43 /* Images.xcassets */ = {isa = PBXFileReference; lastKnownFileType = folder.assetcatalog; path = Images.xcassets; sourceTree = "<group>"; };
		2CE951B9188F8C76004F3A43 /* candybarTests.xctest */ = {isa = PBXFileReference; explicitFileType = wrapper.cfbundle; includeInIndex = 0; path = candybarTests.xctest; sourceTree = BUILT_PRODUCTS_DIR; };
		2CE951BA188F8C76004F3A43 /* XCTest.framework */ = {isa = PBXFileReference; lastKnownFileType = wrapper.framework; name = XCTest.framework; path = Library/Frameworks/XCTest.framework; sourceTree = DEVELOPER_DIR; };
		2CE951C2188F8C76004F3A43 /* candybarTests-Info.plist */ = {isa = PBXFileReference; lastKnownFileType = text.plist.xml; path = "candybarTests-Info.plist"; sourceTree = "<group>"; };
		2CE951C4188F8C76004F3A43 /* en */ = {isa = PBXFileReference; lastKnownFileType = text.plist.strings; name = en; path = en.lproj/InfoPlist.strings; sourceTree = "<group>"; };
		2CE951C6188F8C76004F3A43 /* candybarTests.m */ = {isa = PBXFileReference; lastKnownFileType = sourcecode.c.objc; path = candybarTests.m; sourceTree = "<group>"; };
		2CE951D0188F8E11004F3A43 /* image.png */ = {isa = PBXFileReference; lastKnownFileType = image.png; path = image.png; sourceTree = "<group>"; };
		53D9C38EB71348A698DD6AF4 /* libPods.a */ = {isa = PBXFileReference; explicitFileType = archive.ar; includeInIndex = 0; path = libPods.a; sourceTree = BUILT_PRODUCTS_DIR; };
		83CAE0E1EF9F4325AAFE8C92 /* Pods.xcconfig */ = {isa = PBXFileReference; includeInIndex = 1; lastKnownFileType = text.xcconfig; name = Pods.xcconfig; path = Pods/Pods.xcconfig; sourceTree = "<group>"; };
		9EE6570343354D03BFF5B27E /* Pods-candybarTests.xcconfig */ = {isa = PBXFileReference; includeInIndex = 1; lastKnownFileType = text.xcconfig; name = "Pods-candybarTests.xcconfig"; path = "Pods/Pods-candybarTests.xcconfig"; sourceTree = "<group>"; };
/* End PBXFileReference section */

/* Begin PBXFrameworksBuildPhase section */
		2CE95195188F8C75004F3A43 /* Frameworks */ = {
			isa = PBXFrameworksBuildPhase;
			buildActionMask = 2147483647;
			files = (
				2CE9519E188F8C75004F3A43 /* CoreGraphics.framework in Frameworks */,
				2CE951A0188F8C76004F3A43 /* UIKit.framework in Frameworks */,
				2CE9519C188F8C75004F3A43 /* Foundation.framework in Frameworks */,
				F413AF45B6D64ACC99CE1E4E /* libPods.a in Frameworks */,
			);
			runOnlyForDeploymentPostprocessing = 0;
		};
		2CE951B6188F8C76004F3A43 /* Frameworks */ = {
			isa = PBXFrameworksBuildPhase;
			buildActionMask = 2147483647;
			files = (
				2CE951BB188F8C76004F3A43 /* XCTest.framework in Frameworks */,
				2CE951BD188F8C76004F3A43 /* UIKit.framework in Frameworks */,
				2CE951BC188F8C76004F3A43 /* Foundation.framework in Frameworks */,
				D1E9BFA28A9347918CFCDFBA /* libPods-candybarTests.a in Frameworks */,
			);
			runOnlyForDeploymentPostprocessing = 0;
		};
/* End PBXFrameworksBuildPhase section */

/* Begin PBXGroup section */
		2C0200AB18A3310400148D51 /* Models */ = {
			isa = PBXGroup;
			children = (
				2C0200A818A2EFDD00148D51 /* AlbumRepository.h */,
				2C0200A918A2EFDD00148D51 /* AlbumRepository.m */,
			);
			name = Models;
			sourceTree = "<group>";
		};
		2C0200AC18A3311D00148D51 /* Custom Views */ = {
			isa = PBXGroup;
			children = (
				2CA56C80189360A200F497BD /* TrackCell.h */,
				2CA56C81189360A200F497BD /* TrackCell.m */,
			);
			name = "Custom Views";
			sourceTree = "<group>";
		};
		2CE9518F188F8C75004F3A43 = {
			isa = PBXGroup;
			children = (
				2CE951A1188F8C76004F3A43 /* candybar */,
				2CE951C0188F8C76004F3A43 /* candybarTests */,
				2CE9519A188F8C75004F3A43 /* Frameworks */,
				2CE95199188F8C75004F3A43 /* Products */,
				83CAE0E1EF9F4325AAFE8C92 /* Pods.xcconfig */,
				9EE6570343354D03BFF5B27E /* Pods-candybarTests.xcconfig */,
			);
			sourceTree = "<group>";
		};
		2CE95199188F8C75004F3A43 /* Products */ = {
			isa = PBXGroup;
			children = (
				2CE95198188F8C75004F3A43 /* candybar.app */,
				2CE951B9188F8C76004F3A43 /* candybarTests.xctest */,
			);
			name = Products;
			sourceTree = "<group>";
		};
		2CE9519A188F8C75004F3A43 /* Frameworks */ = {
			isa = PBXGroup;
			children = (
				2CE9519B188F8C75004F3A43 /* Foundation.framework */,
				2CE9519D188F8C75004F3A43 /* CoreGraphics.framework */,
				2CE9519F188F8C75004F3A43 /* UIKit.framework */,
				2CE951BA188F8C76004F3A43 /* XCTest.framework */,
				53D9C38EB71348A698DD6AF4 /* libPods.a */,
				23A1BE3C5FC945EC91855C6B /* libPods-candybarTests.a */,
			);
			name = Frameworks;
			sourceTree = "<group>";
		};
		2CE951A1188F8C76004F3A43 /* candybar */ = {
			isa = PBXGroup;
			children = (
				2C0200AC18A3311D00148D51 /* Custom Views */,
				2C0200AB18A3310400148D51 /* Models */,
				2CE951AA188F8C76004F3A43 /* AppDelegate.h */,
				2CE951AB188F8C76004F3A43 /* AppDelegate.m */,
				2CE951AD188F8C76004F3A43 /* Main.storyboard */,
				2CF674CF18BC16F0003BFE72 /* Album View (Single) */,
				2CE951B3188F8C76004F3A43 /* Images.xcassets */,
				2CE951A2188F8C76004F3A43 /* Supporting Files */,
			);
			path = candybar;
			sourceTree = "<group>";
		};
		2CE951A2188F8C76004F3A43 /* Supporting Files */ = {
			isa = PBXGroup;
			children = (
				2CE951D0188F8E11004F3A43 /* image.png */,
				2CE951A3188F8C76004F3A43 /* candybar-Info.plist */,
				2CE951A4188F8C76004F3A43 /* InfoPlist.strings */,
				2CE951A7188F8C76004F3A43 /* main.m */,
				2CE951A9188F8C76004F3A43 /* candybar-Prefix.pch */,
			);
			name = "Supporting Files";
			sourceTree = "<group>";
		};
		2CE951C0188F8C76004F3A43 /* candybarTests */ = {
			isa = PBXGroup;
			children = (
				2CE951C6188F8C76004F3A43 /* candybarTests.m */,
				2CE951C1188F8C76004F3A43 /* Supporting Files */,
			);
			path = candybarTests;
			sourceTree = "<group>";
		};
		2CE951C1188F8C76004F3A43 /* Supporting Files */ = {
			isa = PBXGroup;
			children = (
				2CE951C2188F8C76004F3A43 /* candybarTests-Info.plist */,
				2CE951C3188F8C76004F3A43 /* InfoPlist.strings */,
			);
			name = "Supporting Files";
			sourceTree = "<group>";
		};
		2CF674CF18BC16F0003BFE72 /* Album View (Single) */ = {
			isa = PBXGroup;
			children = (
				2C8B4B471893746E00E07339 /* AlbumBaseViewController.h */,
				2C8B4B481893746E00E07339 /* AlbumBaseViewController.m */,
				2CE951B0188F8C76004F3A43 /* AlbumPortraitViewController.h */,
				2CE951B1188F8C76004F3A43 /* AlbumPortraitViewController.m */,
				2C8B4B4A189374F700E07339 /* AlbumLandscapeViewController.h */,
				2C8B4B4B189374F700E07339 /* AlbumLandscapeViewController.m */,
				2CA56C831893618200F497BD /* TrackListViewController.h */,
				2CA56C841893618200F497BD /* TrackListViewController.m */,
			);
			name = "Album View (Single)";
			sourceTree = "<group>";
		};
/* End PBXGroup section */

/* Begin PBXNativeTarget section */
		2CE95197188F8C75004F3A43 /* candybar */ = {
			isa = PBXNativeTarget;
			buildConfigurationList = 2CE951CA188F8C76004F3A43 /* Build configuration list for PBXNativeTarget "candybar" */;
			buildPhases = (
				95B83949370F4054BD48E307 /* Check Pods Manifest.lock */,
				2CE95194188F8C75004F3A43 /* Sources */,
				2CE95195188F8C75004F3A43 /* Frameworks */,
				2CE95196188F8C75004F3A43 /* Resources */,
				F027CF4BC8CB49D6AF304FF6 /* Copy Pods Resources */,
			);
			buildRules = (
			);
			dependencies = (
			);
			name = candybar;
			productName = candybar;
			productReference = 2CE95198188F8C75004F3A43 /* candybar.app */;
			productType = "com.apple.product-type.application";
		};
		2CE951B8188F8C76004F3A43 /* candybarTests */ = {
			isa = PBXNativeTarget;
			buildConfigurationList = 2CE951CD188F8C76004F3A43 /* Build configuration list for PBXNativeTarget "candybarTests" */;
			buildPhases = (
				45B829E162DC4E7FB5EE52F8 /* Check Pods Manifest.lock */,
				2CE951B5188F8C76004F3A43 /* Sources */,
				2CE951B6188F8C76004F3A43 /* Frameworks */,
				2CE951B7188F8C76004F3A43 /* Resources */,
				15E44BFC2F9E47CD90B26357 /* Copy Pods Resources */,
			);
			buildRules = (
			);
			dependencies = (
				2CE951BF188F8C76004F3A43 /* PBXTargetDependency */,
			);
			name = candybarTests;
			productName = candybarTests;
			productReference = 2CE951B9188F8C76004F3A43 /* candybarTests.xctest */;
			productType = "com.apple.product-type.bundle.unit-test";
		};
/* End PBXNativeTarget section */

/* Begin PBXProject section */
		2CE95190188F8C75004F3A43 /* Project object */ = {
			isa = PBXProject;
			attributes = {
				LastUpgradeCheck = 0500;
				ORGANIZATIONNAME = "Ivan Moscoso";
				TargetAttributes = {
					2CE951B8188F8C76004F3A43 = {
						TestTargetID = 2CE95197188F8C75004F3A43;
					};
				};
			};
			buildConfigurationList = 2CE95193188F8C75004F3A43 /* Build configuration list for PBXProject "candybar" */;
			compatibilityVersion = "Xcode 3.2";
			developmentRegion = English;
			hasScannedForEncodings = 0;
			knownRegions = (
				en,
				Base,
			);
			mainGroup = 2CE9518F188F8C75004F3A43;
			productRefGroup = 2CE95199188F8C75004F3A43 /* Products */;
			projectDirPath = "";
			projectRoot = "";
			targets = (
				2CE95197188F8C75004F3A43 /* candybar */,
				2CE951B8188F8C76004F3A43 /* candybarTests */,
			);
		};
/* End PBXProject section */

/* Begin PBXResourcesBuildPhase section */
		2CE95196188F8C75004F3A43 /* Resources */ = {
			isa = PBXResourcesBuildPhase;
			buildActionMask = 2147483647;
			files = (
				2CE951B4188F8C76004F3A43 /* Images.xcassets in Resources */,
				2CE951A6188F8C76004F3A43 /* InfoPlist.strings in Resources */,
				2CE951AF188F8C76004F3A43 /* Main.storyboard in Resources */,
				2CE951D1188F8E11004F3A43 /* image.png in Resources */,
			);
			runOnlyForDeploymentPostprocessing = 0;
		};
		2CE951B7188F8C76004F3A43 /* Resources */ = {
			isa = PBXResourcesBuildPhase;
			buildActionMask = 2147483647;
			files = (
				2CE951C5188F8C76004F3A43 /* InfoPlist.strings in Resources */,
			);
			runOnlyForDeploymentPostprocessing = 0;
		};
/* End PBXResourcesBuildPhase section */

/* Begin PBXShellScriptBuildPhase section */
		15E44BFC2F9E47CD90B26357 /* Copy Pods Resources */ = {
			isa = PBXShellScriptBuildPhase;
			buildActionMask = 2147483647;
			files = (
			);
			inputPaths = (
			);
			name = "Copy Pods Resources";
			outputPaths = (
			);
			runOnlyForDeploymentPostprocessing = 0;
			shellPath = /bin/sh;
			shellScript = "\"${SRCROOT}/Pods/Pods-candybarTests-resources.sh\"\n";
			showEnvVarsInLog = 0;
		};
		45B829E162DC4E7FB5EE52F8 /* Check Pods Manifest.lock */ = {
			isa = PBXShellScriptBuildPhase;
			buildActionMask = 2147483647;
			files = (
			);
			inputPaths = (
			);
			name = "Check Pods Manifest.lock";
			outputPaths = (
			);
			runOnlyForDeploymentPostprocessing = 0;
			shellPath = /bin/sh;
			shellScript = "diff \"${PODS_ROOT}/../Podfile.lock\" \"${PODS_ROOT}/Manifest.lock\" > /dev/null\nif [[ $? != 0 ]] ; then\n    cat << EOM\nerror: The sandbox is not in sync with the Podfile.lock. Run 'pod install' or update your CocoaPods installation.\nEOM\n    exit 1\nfi\n";
			showEnvVarsInLog = 0;
		};
		95B83949370F4054BD48E307 /* Check Pods Manifest.lock */ = {
			isa = PBXShellScriptBuildPhase;
			buildActionMask = 2147483647;
			files = (
			);
			inputPaths = (
			);
			name = "Check Pods Manifest.lock";
			outputPaths = (
			);
			runOnlyForDeploymentPostprocessing = 0;
			shellPath = /bin/sh;
			shellScript = "diff \"${PODS_ROOT}/../Podfile.lock\" \"${PODS_ROOT}/Manifest.lock\" > /dev/null\nif [[ $? != 0 ]] ; then\n    cat << EOM\nerror: The sandbox is not in sync with the Podfile.lock. Run 'pod install' or update your CocoaPods installation.\nEOM\n    exit 1\nfi\n";
			showEnvVarsInLog = 0;
		};
		F027CF4BC8CB49D6AF304FF6 /* Copy Pods Resources */ = {
			isa = PBXShellScriptBuildPhase;
			buildActionMask = 2147483647;
			files = (
			);
			inputPaths = (
			);
			name = "Copy Pods Resources";
			outputPaths = (
			);
			runOnlyForDeploymentPostprocessing = 0;
			shellPath = /bin/sh;
			shellScript = "\"${SRCROOT}/Pods/Pods-resources.sh\"\n";
			showEnvVarsInLog = 0;
		};
/* End PBXShellScriptBuildPhase section */

/* Begin PBXSourcesBuildPhase section */
		2CE95194188F8C75004F3A43 /* Sources */ = {
			isa = PBXSourcesBuildPhase;
			buildActionMask = 2147483647;
			files = (
				2CA56C851893618200F497BD /* TrackListViewController.m in Sources */,
				2CE951B2188F8C76004F3A43 /* AlbumPortraitViewController.m in Sources */,
				2CE951AC188F8C76004F3A43 /* AppDelegate.m in Sources */,
				2CE951A8188F8C76004F3A43 /* main.m in Sources */,
				2C8B4B4C189374F700E07339 /* AlbumLandscapeViewController.m in Sources */,
				2C0200AA18A2EFDD00148D51 /* AlbumRepository.m in Sources */,
				2CA56C82189360A200F497BD /* TrackCell.m in Sources */,
				2C8B4B491893746E00E07339 /* AlbumBaseViewController.m in Sources */,
			);
			runOnlyForDeploymentPostprocessing = 0;
		};
		2CE951B5188F8C76004F3A43 /* Sources */ = {
			isa = PBXSourcesBuildPhase;
			buildActionMask = 2147483647;
			files = (
				2CE951C7188F8C76004F3A43 /* candybarTests.m in Sources */,
			);
			runOnlyForDeploymentPostprocessing = 0;
		};
/* End PBXSourcesBuildPhase section */

/* Begin PBXTargetDependency section */
		2CE951BF188F8C76004F3A43 /* PBXTargetDependency */ = {
			isa = PBXTargetDependency;
			target = 2CE95197188F8C75004F3A43 /* candybar */;
			targetProxy = 2CE951BE188F8C76004F3A43 /* PBXContainerItemProxy */;
		};
/* End PBXTargetDependency section */

/* Begin PBXVariantGroup section */
		2CE951A4188F8C76004F3A43 /* InfoPlist.strings */ = {
			isa = PBXVariantGroup;
			children = (
				2CE951A5188F8C76004F3A43 /* en */,
			);
			name = InfoPlist.strings;
			sourceTree = "<group>";
		};
		2CE951AD188F8C76004F3A43 /* Main.storyboard */ = {
			isa = PBXVariantGroup;
			children = (
				2CE951AE188F8C76004F3A43 /* Base */,
			);
			name = Main.storyboard;
			sourceTree = "<group>";
		};
		2CE951C3188F8C76004F3A43 /* InfoPlist.strings */ = {
			isa = PBXVariantGroup;
			children = (
				2CE951C4188F8C76004F3A43 /* en */,
			);
			name = InfoPlist.strings;
			sourceTree = "<group>";
		};
/* End PBXVariantGroup section */

/* Begin XCBuildConfiguration section */
		2CE951C8188F8C76004F3A43 /* Debug */ = {
			isa = XCBuildConfiguration;
			buildSettings = {
				ALWAYS_SEARCH_USER_PATHS = NO;
				ARCHS = "$(ARCHS_STANDARD_INCLUDING_64_BIT)";
				CLANG_CXX_LANGUAGE_STANDARD = "gnu++0x";
				CLANG_CXX_LIBRARY = "libc++";
				CLANG_ENABLE_MODULES = YES;
				CLANG_ENABLE_OBJC_ARC = YES;
				CLANG_WARN_BOOL_CONVERSION = YES;
				CLANG_WARN_CONSTANT_CONVERSION = YES;
				CLANG_WARN_DIRECT_OBJC_ISA_USAGE = YES_ERROR;
				CLANG_WARN_EMPTY_BODY = YES;
				CLANG_WARN_ENUM_CONVERSION = YES;
				CLANG_WARN_INT_CONVERSION = YES;
				CLANG_WARN_OBJC_ROOT_CLASS = YES_ERROR;
				CLANG_WARN__DUPLICATE_METHOD_MATCH = YES;
				"CODE_SIGN_IDENTITY[sdk=iphoneos*]" = "iPhone Developer";
				COPY_PHASE_STRIP = NO;
				GCC_C_LANGUAGE_STANDARD = gnu99;
				GCC_DYNAMIC_NO_PIC = NO;
				GCC_OPTIMIZATION_LEVEL = 0;
				GCC_PREPROCESSOR_DEFINITIONS = (
					"DEBUG=1",
					"$(inherited)",
				);
				GCC_SYMBOLS_PRIVATE_EXTERN = NO;
				GCC_WARN_64_TO_32_BIT_CONVERSION = YES;
				GCC_WARN_ABOUT_RETURN_TYPE = YES_ERROR;
				GCC_WARN_UNDECLARED_SELECTOR = YES;
				GCC_WARN_UNINITIALIZED_AUTOS = YES;
				GCC_WARN_UNUSED_FUNCTION = YES;
				GCC_WARN_UNUSED_VARIABLE = YES;
				IPHONEOS_DEPLOYMENT_TARGET = 7.0;
				ONLY_ACTIVE_ARCH = YES;
				SDKROOT = iphoneos;
			};
			name = Debug;
		};
		2CE951C9188F8C76004F3A43 /* Release */ = {
			isa = XCBuildConfiguration;
			buildSettings = {
				ALWAYS_SEARCH_USER_PATHS = NO;
				ARCHS = "$(ARCHS_STANDARD_INCLUDING_64_BIT)";
				CLANG_CXX_LANGUAGE_STANDARD = "gnu++0x";
				CLANG_CXX_LIBRARY = "libc++";
				CLANG_ENABLE_MODULES = YES;
				CLANG_ENABLE_OBJC_ARC = YES;
				CLANG_WARN_BOOL_CONVERSION = YES;
				CLANG_WARN_CONSTANT_CONVERSION = YES;
				CLANG_WARN_DIRECT_OBJC_ISA_USAGE = YES_ERROR;
				CLANG_WARN_EMPTY_BODY = YES;
				CLANG_WARN_ENUM_CONVERSION = YES;
				CLANG_WARN_INT_CONVERSION = YES;
				CLANG_WARN_OBJC_ROOT_CLASS = YES_ERROR;
				CLANG_WARN__DUPLICATE_METHOD_MATCH = YES;
				"CODE_SIGN_IDENTITY[sdk=iphoneos*]" = "iPhone Developer";
				COPY_PHASE_STRIP = YES;
				ENABLE_NS_ASSERTIONS = NO;
				GCC_C_LANGUAGE_STANDARD = gnu99;
				GCC_WARN_64_TO_32_BIT_CONVERSION = YES;
				GCC_WARN_ABOUT_RETURN_TYPE = YES_ERROR;
				GCC_WARN_UNDECLARED_SELECTOR = YES;
				GCC_WARN_UNINITIALIZED_AUTOS = YES;
				GCC_WARN_UNUSED_FUNCTION = YES;
				GCC_WARN_UNUSED_VARIABLE = YES;
				IPHONEOS_DEPLOYMENT_TARGET = 7.0;
				SDKROOT = iphoneos;
				VALIDATE_PRODUCT = YES;
			};
			name = Release;
		};
		2CE951CB188F8C76004F3A43 /* Debug */ = {
			isa = XCBuildConfiguration;
			baseConfigurationReference = 83CAE0E1EF9F4325AAFE8C92 /* Pods.xcconfig */;
			buildSettings = {
				ASSETCATALOG_COMPILER_APPICON_NAME = AppIcon;
				ASSETCATALOG_COMPILER_LAUNCHIMAGE_NAME = LaunchImage;
				GCC_PRECOMPILE_PREFIX_HEADER = YES;
				GCC_PREFIX_HEADER = "candybar/candybar-Prefix.pch";
				INFOPLIST_FILE = "candybar/candybar-Info.plist";
				PRODUCT_NAME = "$(TARGET_NAME)";
				WRAPPER_EXTENSION = app;
			};
			name = Debug;
		};
		2CE951CC188F8C76004F3A43 /* Release */ = {
			isa = XCBuildConfiguration;
			baseConfigurationReference = 83CAE0E1EF9F4325AAFE8C92 /* Pods.xcconfig */;
			buildSettings = {
				ASSETCATALOG_COMPILER_APPICON_NAME = AppIcon;
				ASSETCATALOG_COMPILER_LAUNCHIMAGE_NAME = LaunchImage;
				GCC_PRECOMPILE_PREFIX_HEADER = YES;
				GCC_PREFIX_HEADER = "candybar/candybar-Prefix.pch";
				INFOPLIST_FILE = "candybar/candybar-Info.plist";
				PRODUCT_NAME = "$(TARGET_NAME)";
				WRAPPER_EXTENSION = app;
			};
			name = Release;
		};
		2CE951CE188F8C76004F3A43 /* Debug */ = {
			isa = XCBuildConfiguration;
			baseConfigurationReference = 9EE6570343354D03BFF5B27E /* Pods-candybarTests.xcconfig */;
			buildSettings = {
				ARCHS = "$(ARCHS_STANDARD_INCLUDING_64_BIT)";
				BUNDLE_LOADER = "$(BUILT_PRODUCTS_DIR)/candybar.app/candybar";
				FRAMEWORK_SEARCH_PATHS = (
					"$(SDKROOT)/Developer/Library/Frameworks",
					"$(inherited)",
					"$(DEVELOPER_FRAMEWORKS_DIR)",
				);
				GCC_PRECOMPILE_PREFIX_HEADER = YES;
				GCC_PREFIX_HEADER = "candybar/candybar-Prefix.pch";
				GCC_PREPROCESSOR_DEFINITIONS = (
					"DEBUG=1",
					"$(inherited)",
				);
				INFOPLIST_FILE = "candybarTests/candybarTests-Info.plist";
				PRODUCT_NAME = "$(TARGET_NAME)";
				TEST_HOST = "$(BUNDLE_LOADER)";
				WRAPPER_EXTENSION = xctest;
			};
			name = Debug;
		};
		2CE951CF188F8C76004F3A43 /* Release */ = {
			isa = XCBuildConfiguration;
			baseConfigurationReference = 9EE6570343354D03BFF5B27E /* Pods-candybarTests.xcconfig */;
			buildSettings = {
				ARCHS = "$(ARCHS_STANDARD_INCLUDING_64_BIT)";
				BUNDLE_LOADER = "$(BUILT_PRODUCTS_DIR)/candybar.app/candybar";
				FRAMEWORK_SEARCH_PATHS = (
					"$(SDKROOT)/Developer/Library/Frameworks",
					"$(inherited)",
					"$(DEVELOPER_FRAMEWORKS_DIR)",
				);
				GCC_PRECOMPILE_PREFIX_HEADER = YES;
				GCC_PREFIX_HEADER = "candybar/candybar-Prefix.pch";
				INFOPLIST_FILE = "candybarTests/candybarTests-Info.plist";
				PRODUCT_NAME = "$(TARGET_NAME)";
				TEST_HOST = "$(BUNDLE_LOADER)";
				WRAPPER_EXTENSION = xctest;
			};
			name = Release;
		};
/* End XCBuildConfiguration section */

/* Begin XCConfigurationList section */
		2CE95193188F8C75004F3A43 /* Build configuration list for PBXProject "candybar" */ = {
			isa = XCConfigurationList;
			buildConfigurations = (
				2CE951C8188F8C76004F3A43 /* Debug */,
				2CE951C9188F8C76004F3A43 /* Release */,
			);
			defaultConfigurationIsVisible = 0;
			defaultConfigurationName = Release;
		};
		2CE951CA188F8C76004F3A43 /* Build configuration list for PBXNativeTarget "candybar" */ = {
			isa = XCConfigurationList;
			buildConfigurations = (
				2CE951CB188F8C76004F3A43 /* Debug */,
				2CE951CC188F8C76004F3A43 /* Release */,
			);
			defaultConfigurationIsVisible = 0;
			defaultConfigurationName = Release;
		};
		2CE951CD188F8C76004F3A43 /* Build configuration list for PBXNativeTarget "candybarTests" */ = {
			isa = XCConfigurationList;
			buildConfigurations = (
				2CE951CE188F8C76004F3A43 /* Debug */,
				2CE951CF188F8C76004F3A43 /* Release */,
			);
			defaultConfigurationIsVisible = 0;
			defaultConfigurationName = Release;
		};
/* End XCConfigurationList section */
	};
	rootObject = 2CE95190188F8C75004F3A43 /* Project object */;
}
